// !$*UTF8*$!
{
	archiveVersion = 1;
	classes = {
	};
	objectVersion = 46;
	objects = {

/* Begin PBXBuildFile section */
		43F252F4E4CD2D5D3ABFEA01 /* Pods_TraktTestTests.framework in Frameworks */ = {isa = PBXBuildFile; fileRef = 722AC8C132545305F80F7642 /* Pods_TraktTestTests.framework */; };
		AEE3DD413BD7B22017F8DE8D /* Pods_TraktTest.framework in Frameworks */ = {isa = PBXBuildFile; fileRef = 032B4097E25C711A8F8B8D11 /* Pods_TraktTest.framework */; };
		D03F1A381DE31D05002A6516 /* JSONSerializable.swift in Sources */ = {isa = PBXBuildFile; fileRef = D03F1A371DE31D05002A6516 /* JSONSerializable.swift */; };
		D03F1A3A1DE320B8002A6516 /* APIConfiguration.swift in Sources */ = {isa = PBXBuildFile; fileRef = D03F1A391DE320B8002A6516 /* APIConfiguration.swift */; };
		D03F1A3C1DE34711002A6516 /* MainViewController.swift in Sources */ = {isa = PBXBuildFile; fileRef = D03F1A3B1DE34711002A6516 /* MainViewController.swift */; };
		D03F1A3E1DE3471A002A6516 /* MainViewController.xib in Resources */ = {isa = PBXBuildFile; fileRef = D03F1A3D1DE3471A002A6516 /* MainViewController.xib */; };
		D03F1A441DE34874002A6516 /* TrendingMovieDataController.swift in Sources */ = {isa = PBXBuildFile; fileRef = D03F1A421DE34874002A6516 /* TrendingMovieDataController.swift */; };
		D03F1A461DE348CC002A6516 /* TrendingMovieTableViewCell.swift in Sources */ = {isa = PBXBuildFile; fileRef = D03F1A451DE348CC002A6516 /* TrendingMovieTableViewCell.swift */; };
		D03F1A481DE348D4002A6516 /* TrendingMovieTableViewCell.xib in Resources */ = {isa = PBXBuildFile; fileRef = D03F1A471DE348D4002A6516 /* TrendingMovieTableViewCell.xib */; };
		D03F1A4B1DE34DF8002A6516 /* ImageCache.swift in Sources */ = {isa = PBXBuildFile; fileRef = D03F1A4A1DE34DF8002A6516 /* ImageCache.swift */; };
		D03F1A4D1DE35232002A6516 /* TMDBImageRequest.swift in Sources */ = {isa = PBXBuildFile; fileRef = D03F1A4C1DE35232002A6516 /* TMDBImageRequest.swift */; };
		D03F1A4F1DE3551E002A6516 /* TMDBImageContainer.swift in Sources */ = {isa = PBXBuildFile; fileRef = D03F1A4E1DE3551E002A6516 /* TMDBImageContainer.swift */; };
		D03F1A511DE35904002A6516 /* TMDBConfiguration.swift in Sources */ = {isa = PBXBuildFile; fileRef = D03F1A501DE35904002A6516 /* TMDBConfiguration.swift */; };
		D03F1A541DE37420002A6516 /* MovieDetailViewController.swift in Sources */ = {isa = PBXBuildFile; fileRef = D03F1A531DE3741F002A6516 /* MovieDetailViewController.swift */; };
		D03F1A561DE37428002A6516 /* MovieDetailViewController.xib in Resources */ = {isa = PBXBuildFile; fileRef = D03F1A551DE37428002A6516 /* MovieDetailViewController.xib */; };
		D03F1A581DE37BC2002A6516 /* Cast.swift in Sources */ = {isa = PBXBuildFile; fileRef = D03F1A571DE37BC2002A6516 /* Cast.swift */; };
		D08734B31DE30EC500584370 /* AppDelegate.swift in Sources */ = {isa = PBXBuildFile; fileRef = D08734B21DE30EC500584370 /* AppDelegate.swift */; };
		D08734BB1DE30EC500584370 /* TraktTest.xcdatamodeld in Sources */ = {isa = PBXBuildFile; fileRef = D08734B91DE30EC500584370 /* TraktTest.xcdatamodeld */; };
		D08734BD1DE30EC500584370 /* Assets.xcassets in Resources */ = {isa = PBXBuildFile; fileRef = D08734BC1DE30EC500584370 /* Assets.xcassets */; };
		D08734C01DE30EC500584370 /* LaunchScreen.storyboard in Resources */ = {isa = PBXBuildFile; fileRef = D08734BE1DE30EC500584370 /* LaunchScreen.storyboard */; };
		D08734E41DE3101900584370 /* MovieService.swift in Sources */ = {isa = PBXBuildFile; fileRef = D08734D81DE3101900584370 /* MovieService.swift */; };
		D08734E81DE3101900584370 /* Movie.swift in Sources */ = {isa = PBXBuildFile; fileRef = D08734DE1DE3101900584370 /* Movie.swift */; };
		D08734EB1DE3103000584370 /* APIClient.swift in Sources */ = {isa = PBXBuildFile; fileRef = D08734EA1DE3103000584370 /* APIClient.swift */; };
		D08734ED1DE3141600584370 /* TrendingMovie.swift in Sources */ = {isa = PBXBuildFile; fileRef = D08734EC1DE3141600584370 /* TrendingMovie.swift */; };
		D08734EF1DE315D300584370 /* MovieTests.swift in Sources */ = {isa = PBXBuildFile; fileRef = D08734EE1DE315D300584370 /* MovieTests.swift */; };
/* End PBXBuildFile section */

/* Begin PBXContainerItemProxy section */
		D08734C71DE30EC500584370 /* PBXContainerItemProxy */ = {
			isa = PBXContainerItemProxy;
			containerPortal = D08734A71DE30EC500584370 /* Project object */;
			proxyType = 1;
			remoteGlobalIDString = D08734AE1DE30EC500584370;
			remoteInfo = TraktTest;
		};
/* End PBXContainerItemProxy section */

/* Begin PBXFileReference section */
		032B4097E25C711A8F8B8D11 /* Pods_TraktTest.framework */ = {isa = PBXFileReference; explicitFileType = wrapper.framework; includeInIndex = 0; path = Pods_TraktTest.framework; sourceTree = BUILT_PRODUCTS_DIR; };
		4885169499BCEE85F4D51EBA /* Pods-TraktTest.debug.xcconfig */ = {isa = PBXFileReference; includeInIndex = 1; lastKnownFileType = text.xcconfig; name = "Pods-TraktTest.debug.xcconfig"; path = "Pods/Target Support Files/Pods-TraktTest/Pods-TraktTest.debug.xcconfig"; sourceTree = "<group>"; };
		6C79CAC05E9DE25F7A732E37 /* Pods-TraktTest.release.xcconfig */ = {isa = PBXFileReference; includeInIndex = 1; lastKnownFileType = text.xcconfig; name = "Pods-TraktTest.release.xcconfig"; path = "Pods/Target Support Files/Pods-TraktTest/Pods-TraktTest.release.xcconfig"; sourceTree = "<group>"; };
		722AC8C132545305F80F7642 /* Pods_TraktTestTests.framework */ = {isa = PBXFileReference; explicitFileType = wrapper.framework; includeInIndex = 0; path = Pods_TraktTestTests.framework; sourceTree = BUILT_PRODUCTS_DIR; };
		95F70B2DF375C0BE4DBD62CB /* Pods-TraktTestTests.debug.xcconfig */ = {isa = PBXFileReference; includeInIndex = 1; lastKnownFileType = text.xcconfig; name = "Pods-TraktTestTests.debug.xcconfig"; path = "Pods/Target Support Files/Pods-TraktTestTests/Pods-TraktTestTests.debug.xcconfig"; sourceTree = "<group>"; };
		D03F1A371DE31D05002A6516 /* JSONSerializable.swift */ = {isa = PBXFileReference; fileEncoding = 4; lastKnownFileType = sourcecode.swift; path = JSONSerializable.swift; sourceTree = "<group>"; };
		D03F1A391DE320B8002A6516 /* APIConfiguration.swift */ = {isa = PBXFileReference; fileEncoding = 4; lastKnownFileType = sourcecode.swift; path = APIConfiguration.swift; sourceTree = "<group>"; };
		D03F1A3B1DE34711002A6516 /* MainViewController.swift */ = {isa = PBXFileReference; fileEncoding = 4; lastKnownFileType = sourcecode.swift; path = MainViewController.swift; sourceTree = "<group>"; };
		D03F1A3D1DE3471A002A6516 /* MainViewController.xib */ = {isa = PBXFileReference; fileEncoding = 4; lastKnownFileType = file.xib; path = MainViewController.xib; sourceTree = "<group>"; };
		D03F1A421DE34874002A6516 /* TrendingMovieDataController.swift */ = {isa = PBXFileReference; fileEncoding = 4; lastKnownFileType = sourcecode.swift; path = TrendingMovieDataController.swift; sourceTree = "<group>"; };
		D03F1A451DE348CC002A6516 /* TrendingMovieTableViewCell.swift */ = {isa = PBXFileReference; fileEncoding = 4; lastKnownFileType = sourcecode.swift; path = TrendingMovieTableViewCell.swift; sourceTree = "<group>"; };
		D03F1A471DE348D4002A6516 /* TrendingMovieTableViewCell.xib */ = {isa = PBXFileReference; fileEncoding = 4; lastKnownFileType = file.xib; path = TrendingMovieTableViewCell.xib; sourceTree = "<group>"; };
		D03F1A4A1DE34DF8002A6516 /* ImageCache.swift */ = {isa = PBXFileReference; fileEncoding = 4; lastKnownFileType = sourcecode.swift; path = ImageCache.swift; sourceTree = "<group>"; };
		D03F1A4C1DE35232002A6516 /* TMDBImageRequest.swift */ = {isa = PBXFileReference; fileEncoding = 4; lastKnownFileType = sourcecode.swift; path = TMDBImageRequest.swift; sourceTree = "<group>"; };
		D03F1A4E1DE3551E002A6516 /* TMDBImageContainer.swift */ = {isa = PBXFileReference; fileEncoding = 4; lastKnownFileType = sourcecode.swift; path = TMDBImageContainer.swift; sourceTree = "<group>"; };
		D03F1A501DE35904002A6516 /* TMDBConfiguration.swift */ = {isa = PBXFileReference; fileEncoding = 4; lastKnownFileType = sourcecode.swift; path = TMDBConfiguration.swift; sourceTree = "<group>"; };
		D03F1A531DE3741F002A6516 /* MovieDetailViewController.swift */ = {isa = PBXFileReference; fileEncoding = 4; lastKnownFileType = sourcecode.swift; path = MovieDetailViewController.swift; sourceTree = "<group>"; };
		D03F1A551DE37428002A6516 /* MovieDetailViewController.xib */ = {isa = PBXFileReference; fileEncoding = 4; lastKnownFileType = file.xib; path = MovieDetailViewController.xib; sourceTree = "<group>"; };
		D03F1A571DE37BC2002A6516 /* Cast.swift */ = {isa = PBXFileReference; fileEncoding = 4; lastKnownFileType = sourcecode.swift; path = Cast.swift; sourceTree = "<group>"; };
		D08734AF1DE30EC500584370 /* TraktTest.app */ = {isa = PBXFileReference; explicitFileType = wrapper.application; includeInIndex = 0; path = TraktTest.app; sourceTree = BUILT_PRODUCTS_DIR; };
		D08734B21DE30EC500584370 /* AppDelegate.swift */ = {isa = PBXFileReference; lastKnownFileType = sourcecode.swift; path = AppDelegate.swift; sourceTree = "<group>"; };
		D08734BA1DE30EC500584370 /* TraktTest.xcdatamodel */ = {isa = PBXFileReference; lastKnownFileType = wrapper.xcdatamodel; path = TraktTest.xcdatamodel; sourceTree = "<group>"; };
		D08734BC1DE30EC500584370 /* Assets.xcassets */ = {isa = PBXFileReference; lastKnownFileType = folder.assetcatalog; path = Assets.xcassets; sourceTree = "<group>"; };
		D08734BF1DE30EC500584370 /* Base */ = {isa = PBXFileReference; lastKnownFileType = file.storyboard; name = Base; path = Base.lproj/LaunchScreen.storyboard; sourceTree = "<group>"; };
		D08734C11DE30EC500584370 /* Info.plist */ = {isa = PBXFileReference; lastKnownFileType = text.plist.xml; path = Info.plist; sourceTree = "<group>"; };
		D08734C61DE30EC500584370 /* TraktTestTests.xctest */ = {isa = PBXFileReference; explicitFileType = wrapper.cfbundle; includeInIndex = 0; path = TraktTestTests.xctest; sourceTree = BUILT_PRODUCTS_DIR; };
		D08734CC1DE30EC500584370 /* Info.plist */ = {isa = PBXFileReference; lastKnownFileType = text.plist.xml; path = Info.plist; sourceTree = "<group>"; };
		D08734D81DE3101900584370 /* MovieService.swift */ = {isa = PBXFileReference; fileEncoding = 4; lastKnownFileType = sourcecode.swift; path = MovieService.swift; sourceTree = "<group>"; };
		D08734DE1DE3101900584370 /* Movie.swift */ = {isa = PBXFileReference; fileEncoding = 4; lastKnownFileType = sourcecode.swift; path = Movie.swift; sourceTree = "<group>"; };
		D08734EA1DE3103000584370 /* APIClient.swift */ = {isa = PBXFileReference; fileEncoding = 4; lastKnownFileType = sourcecode.swift; path = APIClient.swift; sourceTree = "<group>"; };
		D08734EC1DE3141600584370 /* TrendingMovie.swift */ = {isa = PBXFileReference; fileEncoding = 4; lastKnownFileType = sourcecode.swift; path = TrendingMovie.swift; sourceTree = "<group>"; };
		D08734EE1DE315D300584370 /* MovieTests.swift */ = {isa = PBXFileReference; fileEncoding = 4; lastKnownFileType = sourcecode.swift; path = MovieTests.swift; sourceTree = "<group>"; };
		F995ABAF2AA335B47696DDD7 /* Pods-TraktTestTests.release.xcconfig */ = {isa = PBXFileReference; includeInIndex = 1; lastKnownFileType = text.xcconfig; name = "Pods-TraktTestTests.release.xcconfig"; path = "Pods/Target Support Files/Pods-TraktTestTests/Pods-TraktTestTests.release.xcconfig"; sourceTree = "<group>"; };
/* End PBXFileReference section */

/* Begin PBXFrameworksBuildPhase section */
		D08734AC1DE30EC500584370 /* Frameworks */ = {
			isa = PBXFrameworksBuildPhase;
			buildActionMask = 2147483647;
			files = (
				AEE3DD413BD7B22017F8DE8D /* Pods_TraktTest.framework in Frameworks */,
			);
			runOnlyForDeploymentPostprocessing = 0;
		};
		D08734C31DE30EC500584370 /* Frameworks */ = {
			isa = PBXFrameworksBuildPhase;
			buildActionMask = 2147483647;
			files = (
				43F252F4E4CD2D5D3ABFEA01 /* Pods_TraktTestTests.framework in Frameworks */,
			);
			runOnlyForDeploymentPostprocessing = 0;
		};
/* End PBXFrameworksBuildPhase section */

/* Begin PBXGroup section */
		08AC291559250DEE7BC219E1 /* Frameworks */ = {
			isa = PBXGroup;
			children = (
				032B4097E25C711A8F8B8D11 /* Pods_TraktTest.framework */,
				722AC8C132545305F80F7642 /* Pods_TraktTestTests.framework */,
			);
			name = Frameworks;
			sourceTree = "<group>";
		};
		6D966508F7C1A5600C7A2602 /* Pods */ = {
			isa = PBXGroup;
			children = (
				4885169499BCEE85F4D51EBA /* Pods-TraktTest.debug.xcconfig */,
				6C79CAC05E9DE25F7A732E37 /* Pods-TraktTest.release.xcconfig */,
				95F70B2DF375C0BE4DBD62CB /* Pods-TraktTestTests.debug.xcconfig */,
				F995ABAF2AA335B47696DDD7 /* Pods-TraktTestTests.release.xcconfig */,
			);
			name = Pods;
			sourceTree = "<group>";
		};
		D03F1A361DE31CFF002A6516 /* Extension */ = {
			isa = PBXGroup;
			children = (
				D03F1A371DE31D05002A6516 /* JSONSerializable.swift */,
			);
			path = Extension;
			sourceTree = "<group>";
		};
		D03F1A411DE34874002A6516 /* Controller */ = {
			isa = PBXGroup;
			children = (
				D03F1A421DE34874002A6516 /* TrendingMovieDataController.swift */,
			);
			path = Controller;
			sourceTree = "<group>";
		};
		D03F1A431DE34874002A6516 /* View */ = {
			isa = PBXGroup;
			children = (
				D03F1A451DE348CC002A6516 /* TrendingMovieTableViewCell.swift */,
				D03F1A471DE348D4002A6516 /* TrendingMovieTableViewCell.xib */,
			);
			path = View;
			sourceTree = "<group>";
		};
		D03F1A491DE34DEA002A6516 /* Cache */ = {
			isa = PBXGroup;
			children = (
				D03F1A4A1DE34DF8002A6516 /* ImageCache.swift */,
			);
			path = Cache;
			sourceTree = "<group>";
		};
		D03F1A521DE37405002A6516 /* MovieDetailViewController */ = {
			isa = PBXGroup;
			children = (
				D03F1A531DE3741F002A6516 /* MovieDetailViewController.swift */,
				D03F1A551DE37428002A6516 /* MovieDetailViewController.xib */,
			);
			path = MovieDetailViewController;
			sourceTree = "<group>";
		};
		D08734A61DE30EC500584370 = {
			isa = PBXGroup;
			children = (
				D08734B11DE30EC500584370 /* TraktTest */,
				D08734C91DE30EC500584370 /* TraktTestTests */,
				D08734B01DE30EC500584370 /* Products */,
				6D966508F7C1A5600C7A2602 /* Pods */,
				08AC291559250DEE7BC219E1 /* Frameworks */,
			);
			sourceTree = "<group>";
		};
		D08734B01DE30EC500584370 /* Products */ = {
			isa = PBXGroup;
			children = (
				D08734AF1DE30EC500584370 /* TraktTest.app */,
				D08734C61DE30EC500584370 /* TraktTestTests.xctest */,
			);
			name = Products;
			sourceTree = "<group>";
		};
		D08734B11DE30EC500584370 /* TraktTest */ = {
			isa = PBXGroup;
			children = (
				D08734D51DE3101900584370 /* Common */,
				D08734E11DE3101900584370 /* Modules */,
				D08734B21DE30EC500584370 /* AppDelegate.swift */,
				D08734BC1DE30EC500584370 /* Assets.xcassets */,
				D08734BE1DE30EC500584370 /* LaunchScreen.storyboard */,
				D08734C11DE30EC500584370 /* Info.plist */,
				D08734B91DE30EC500584370 /* TraktTest.xcdatamodeld */,
			);
			path = TraktTest;
			sourceTree = "<group>";
		};
		D08734C91DE30EC500584370 /* TraktTestTests */ = {
			isa = PBXGroup;
			children = (
				D08734EE1DE315D300584370 /* MovieTests.swift */,
				D08734CC1DE30EC500584370 /* Info.plist */,
			);
			path = TraktTestTests;
			sourceTree = "<group>";
		};
		D08734D51DE3101900584370 /* Common */ = {
			isa = PBXGroup;
			children = (
				D08734D61DE3101900584370 /* API */,
				D03F1A491DE34DEA002A6516 /* Cache */,
				D03F1A361DE31CFF002A6516 /* Extension */,
				D08734DB1DE3101900584370 /* Model */,
			);
			path = Common;
			sourceTree = "<group>";
		};
		D08734D61DE3101900584370 /* API */ = {
			isa = PBXGroup;
			children = (
				D08734EA1DE3103000584370 /* APIClient.swift */,
				D08734D81DE3101900584370 /* MovieService.swift */,
				D03F1A391DE320B8002A6516 /* APIConfiguration.swift */,
				D03F1A4C1DE35232002A6516 /* TMDBImageRequest.swift */,
				D03F1A501DE35904002A6516 /* TMDBConfiguration.swift */,
			);
			path = API;
			sourceTree = "<group>";
		};
		D08734DB1DE3101900584370 /* Model */ = {
			isa = PBXGroup;
			children = (
				D08734DE1DE3101900584370 /* Movie.swift */,
				D03F1A571DE37BC2002A6516 /* Cast.swift */,
				D08734EC1DE3141600584370 /* TrendingMovie.swift */,
				D03F1A4E1DE3551E002A6516 /* TMDBImageContainer.swift */,
			);
			path = Model;
			sourceTree = "<group>";
		};
		D08734E11DE3101900584370 /* Modules */ = {
			isa = PBXGroup;
			children = (
				D08734E21DE3101900584370 /* MainViewController */,
				D03F1A521DE37405002A6516 /* MovieDetailViewController */,
			);
			path = Modules;
			sourceTree = "<group>";
		};
		D08734E21DE3101900584370 /* MainViewController */ = {
			isa = PBXGroup;
			children = (
				D03F1A411DE34874002A6516 /* Controller */,
				D03F1A431DE34874002A6516 /* View */,
				D03F1A3B1DE34711002A6516 /* MainViewController.swift */,
				D03F1A3D1DE3471A002A6516 /* MainViewController.xib */,
			);
			path = MainViewController;
			sourceTree = "<group>";
		};
/* End PBXGroup section */

/* Begin PBXNativeTarget section */
		D08734AE1DE30EC500584370 /* TraktTest */ = {
			isa = PBXNativeTarget;
			buildConfigurationList = D08734CF1DE30EC500584370 /* Build configuration list for PBXNativeTarget "TraktTest" */;
			buildPhases = (
				C07981832108B0541019ACBA /* [CP] Check Pods Manifest.lock */,
				D08734AB1DE30EC500584370 /* Sources */,
				D08734AC1DE30EC500584370 /* Frameworks */,
				D08734AD1DE30EC500584370 /* Resources */,
				38ABB70F5717320D846D572B /* [CP] Embed Pods Frameworks */,
				D48E108D270DB0CDD76AF143 /* [CP] Copy Pods Resources */,
			);
			buildRules = (
			);
			dependencies = (
			);
			name = TraktTest;
			productName = TraktTest;
			productReference = D08734AF1DE30EC500584370 /* TraktTest.app */;
			productType = "com.apple.product-type.application";
		};
		D08734C51DE30EC500584370 /* TraktTestTests */ = {
			isa = PBXNativeTarget;
			buildConfigurationList = D08734D21DE30EC500584370 /* Build configuration list for PBXNativeTarget "TraktTestTests" */;
			buildPhases = (
				3BDF4AAAA2472EC363DB4075 /* [CP] Check Pods Manifest.lock */,
				D08734C21DE30EC500584370 /* Sources */,
				D08734C31DE30EC500584370 /* Frameworks */,
				D08734C41DE30EC500584370 /* Resources */,
				A5E424149DD106F2C3E47129 /* [CP] Embed Pods Frameworks */,
				019B16DD76BE2072939A042B /* [CP] Copy Pods Resources */,
			);
			buildRules = (
			);
			dependencies = (
				D08734C81DE30EC500584370 /* PBXTargetDependency */,
			);
			name = TraktTestTests;
			productName = TraktTestTests;
			productReference = D08734C61DE30EC500584370 /* TraktTestTests.xctest */;
			productType = "com.apple.product-type.bundle.unit-test";
		};
/* End PBXNativeTarget section */

/* Begin PBXProject section */
		D08734A71DE30EC500584370 /* Project object */ = {
			isa = PBXProject;
			attributes = {
				LastSwiftUpdateCheck = 0810;
				LastUpgradeCheck = 0810;
				ORGANIZATIONNAME = fenroar;
				TargetAttributes = {
					D08734AE1DE30EC500584370 = {
						CreatedOnToolsVersion = 8.1;
						DevelopmentTeam = GWGTXL8GG9;
						ProvisioningStyle = Automatic;
					};
					D08734C51DE30EC500584370 = {
						CreatedOnToolsVersion = 8.1;
						DevelopmentTeam = GWGTXL8GG9;
						ProvisioningStyle = Automatic;
						TestTargetID = D08734AE1DE30EC500584370;
					};
				};
			};
			buildConfigurationList = D08734AA1DE30EC500584370 /* Build configuration list for PBXProject "TraktTest" */;
			compatibilityVersion = "Xcode 3.2";
			developmentRegion = English;
			hasScannedForEncodings = 0;
			knownRegions = (
				en,
				Base,
			);
			mainGroup = D08734A61DE30EC500584370;
			productRefGroup = D08734B01DE30EC500584370 /* Products */;
			projectDirPath = "";
			projectRoot = "";
			targets = (
				D08734AE1DE30EC500584370 /* TraktTest */,
				D08734C51DE30EC500584370 /* TraktTestTests */,
			);
		};
/* End PBXProject section */

/* Begin PBXResourcesBuildPhase section */
		D08734AD1DE30EC500584370 /* Resources */ = {
			isa = PBXResourcesBuildPhase;
			buildActionMask = 2147483647;
			files = (
				D03F1A561DE37428002A6516 /* MovieDetailViewController.xib in Resources */,
				D08734C01DE30EC500584370 /* LaunchScreen.storyboard in Resources */,
				D08734BD1DE30EC500584370 /* Assets.xcassets in Resources */,
				D03F1A481DE348D4002A6516 /* TrendingMovieTableViewCell.xib in Resources */,
				D03F1A3E1DE3471A002A6516 /* MainViewController.xib in Resources */,
			);
			runOnlyForDeploymentPostprocessing = 0;
		};
		D08734C41DE30EC500584370 /* Resources */ = {
			isa = PBXResourcesBuildPhase;
			buildActionMask = 2147483647;
			files = (
			);
			runOnlyForDeploymentPostprocessing = 0;
		};
/* End PBXResourcesBuildPhase section */

/* Begin PBXShellScriptBuildPhase section */
		019B16DD76BE2072939A042B /* [CP] Copy Pods Resources */ = {
			isa = PBXShellScriptBuildPhase;
			buildActionMask = 2147483647;
			files = (
			);
			inputPaths = (
			);
			name = "[CP] Copy Pods Resources";
			outputPaths = (
			);
			runOnlyForDeploymentPostprocessing = 0;
			shellPath = /bin/sh;
			shellScript = "\"${SRCROOT}/Pods/Target Support Files/Pods-TraktTestTests/Pods-TraktTestTests-resources.sh\"\n";
			showEnvVarsInLog = 0;
		};
		38ABB70F5717320D846D572B /* [CP] Embed Pods Frameworks */ = {
			isa = PBXShellScriptBuildPhase;
			buildActionMask = 2147483647;
			files = (
			);
			inputPaths = (
			);
			name = "[CP] Embed Pods Frameworks";
			outputPaths = (
			);
			runOnlyForDeploymentPostprocessing = 0;
			shellPath = /bin/sh;
			shellScript = "\"${SRCROOT}/Pods/Target Support Files/Pods-TraktTest/Pods-TraktTest-frameworks.sh\"\n";
			showEnvVarsInLog = 0;
		};
		3BDF4AAAA2472EC363DB4075 /* [CP] Check Pods Manifest.lock */ = {
			isa = PBXShellScriptBuildPhase;
			buildActionMask = 2147483647;
			files = (
			);
			inputPaths = (
			);
			name = "[CP] Check Pods Manifest.lock";
			outputPaths = (
			);
			runOnlyForDeploymentPostprocessing = 0;
			shellPath = /bin/sh;
			shellScript = "diff \"${PODS_ROOT}/../Podfile.lock\" \"${PODS_ROOT}/Manifest.lock\" > /dev/null\nif [ $? != 0 ] ; then\n    # print error to STDERR\n    echo \"error: The sandbox is not in sync with the Podfile.lock. Run 'pod install' or update your CocoaPods installation.\" >&2\n    exit 1\nfi\n";
			showEnvVarsInLog = 0;
		};
		A5E424149DD106F2C3E47129 /* [CP] Embed Pods Frameworks */ = {
			isa = PBXShellScriptBuildPhase;
			buildActionMask = 2147483647;
			files = (
			);
			inputPaths = (
			);
			name = "[CP] Embed Pods Frameworks";
			outputPaths = (
			);
			runOnlyForDeploymentPostprocessing = 0;
			shellPath = /bin/sh;
			shellScript = "\"${SRCROOT}/Pods/Target Support Files/Pods-TraktTestTests/Pods-TraktTestTests-frameworks.sh\"\n";
			showEnvVarsInLog = 0;
		};
		C07981832108B0541019ACBA /* [CP] Check Pods Manifest.lock */ = {
			isa = PBXShellScriptBuildPhase;
			buildActionMask = 2147483647;
			files = (
			);
			inputPaths = (
			);
			name = "[CP] Check Pods Manifest.lock";
			outputPaths = (
			);
			runOnlyForDeploymentPostprocessing = 0;
			shellPath = /bin/sh;
			shellScript = "diff \"${PODS_ROOT}/../Podfile.lock\" \"${PODS_ROOT}/Manifest.lock\" > /dev/null\nif [ $? != 0 ] ; then\n    # print error to STDERR\n    echo \"error: The sandbox is not in sync with the Podfile.lock. Run 'pod install' or update your CocoaPods installation.\" >&2\n    exit 1\nfi\n";
			showEnvVarsInLog = 0;
		};
		D48E108D270DB0CDD76AF143 /* [CP] Copy Pods Resources */ = {
			isa = PBXShellScriptBuildPhase;
			buildActionMask = 2147483647;
			files = (
			);
			inputPaths = (
			);
			name = "[CP] Copy Pods Resources";
			outputPaths = (
			);
			runOnlyForDeploymentPostprocessing = 0;
			shellPath = /bin/sh;
			shellScript = "\"${SRCROOT}/Pods/Target Support Files/Pods-TraktTest/Pods-TraktTest-resources.sh\"\n";
			showEnvVarsInLog = 0;
		};
/* End PBXShellScriptBuildPhase section */

/* Begin PBXSourcesBuildPhase section */
		D08734AB1DE30EC500584370 /* Sources */ = {
			isa = PBXSourcesBuildPhase;
			buildActionMask = 2147483647;
			files = (
				D03F1A441DE34874002A6516 /* TrendingMovieDataController.swift in Sources */,
				D08734BB1DE30EC500584370 /* TraktTest.xcdatamodeld in Sources */,
				D03F1A4F1DE3551E002A6516 /* TMDBImageContainer.swift in Sources */,
				D08734E81DE3101900584370 /* Movie.swift in Sources */,
				D08734ED1DE3141600584370 /* TrendingMovie.swift in Sources */,
				D03F1A3A1DE320B8002A6516 /* APIConfiguration.swift in Sources */,
				D08734EB1DE3103000584370 /* APIClient.swift in Sources */,
				D03F1A4B1DE34DF8002A6516 /* ImageCache.swift in Sources */,
				D08734B31DE30EC500584370 /* AppDelegate.swift in Sources */,
				D03F1A511DE35904002A6516 /* TMDBConfiguration.swift in Sources */,
				D03F1A4D1DE35232002A6516 /* TMDBImageRequest.swift in Sources */,
				D08734E41DE3101900584370 /* MovieService.swift in Sources */,
				D03F1A541DE37420002A6516 /* MovieDetailViewController.swift in Sources */,
				D03F1A381DE31D05002A6516 /* JSONSerializable.swift in Sources */,
				D03F1A461DE348CC002A6516 /* TrendingMovieTableViewCell.swift in Sources */,
				D03F1A581DE37BC2002A6516 /* Cast.swift in Sources */,
				D03F1A3C1DE34711002A6516 /* MainViewController.swift in Sources */,
			);
			runOnlyForDeploymentPostprocessing = 0;
		};
		D08734C21DE30EC500584370 /* Sources */ = {
			isa = PBXSourcesBuildPhase;
			buildActionMask = 2147483647;
			files = (
				D08734EF1DE315D300584370 /* MovieTests.swift in Sources */,
			);
			runOnlyForDeploymentPostprocessing = 0;
		};
/* End PBXSourcesBuildPhase section */

/* Begin PBXTargetDependency section */
		D08734C81DE30EC500584370 /* PBXTargetDependency */ = {
			isa = PBXTargetDependency;
			target = D08734AE1DE30EC500584370 /* TraktTest */;
			targetProxy = D08734C71DE30EC500584370 /* PBXContainerItemProxy */;
		};
/* End PBXTargetDependency section */

/* Begin PBXVariantGroup section */
		D08734BE1DE30EC500584370 /* LaunchScreen.storyboard */ = {
			isa = PBXVariantGroup;
			children = (
				D08734BF1DE30EC500584370 /* Base */,
			);
			name = LaunchScreen.storyboard;
			sourceTree = "<group>";
		};
/* End PBXVariantGroup section */

/* Begin XCBuildConfiguration section */
		D08734CD1DE30EC500584370 /* Debug */ = {
			isa = XCBuildConfiguration;
			buildSettings = {
				ALWAYS_SEARCH_USER_PATHS = NO;
				CLANG_ANALYZER_NONNULL = YES;
				CLANG_CXX_LANGUAGE_STANDARD = "gnu++0x";
				CLANG_CXX_LIBRARY = "libc++";
				CLANG_ENABLE_MODULES = YES;
				CLANG_ENABLE_OBJC_ARC = YES;
				CLANG_WARN_BOOL_CONVERSION = YES;
				CLANG_WARN_CONSTANT_CONVERSION = YES;
				CLANG_WARN_DIRECT_OBJC_ISA_USAGE = YES_ERROR;
				CLANG_WARN_DOCUMENTATION_COMMENTS = YES;
				CLANG_WARN_EMPTY_BODY = YES;
				CLANG_WARN_ENUM_CONVERSION = YES;
				CLANG_WARN_INFINITE_RECURSION = YES;
				CLANG_WARN_INT_CONVERSION = YES;
				CLANG_WARN_OBJC_ROOT_CLASS = YES_ERROR;
				CLANG_WARN_SUSPICIOUS_MOVES = YES;
				CLANG_WARN_UNREACHABLE_CODE = YES;
				CLANG_WARN__DUPLICATE_METHOD_MATCH = YES;
				"CODE_SIGN_IDENTITY[sdk=iphoneos*]" = "iPhone Developer";
				COPY_PHASE_STRIP = NO;
				DEBUG_INFORMATION_FORMAT = dwarf;
				ENABLE_STRICT_OBJC_MSGSEND = YES;
				ENABLE_TESTABILITY = YES;
				GCC_C_LANGUAGE_STANDARD = gnu99;
				GCC_DYNAMIC_NO_PIC = NO;
				GCC_NO_COMMON_BLOCKS = YES;
				GCC_OPTIMIZATION_LEVEL = 0;
				GCC_PREPROCESSOR_DEFINITIONS = (
					"DEBUG=1",
					"$(inherited)",
				);
				GCC_WARN_64_TO_32_BIT_CONVERSION = YES;
				GCC_WARN_ABOUT_RETURN_TYPE = YES_ERROR;
				GCC_WARN_UNDECLARED_SELECTOR = YES;
				GCC_WARN_UNINITIALIZED_AUTOS = YES_AGGRESSIVE;
				GCC_WARN_UNUSED_FUNCTION = YES;
				GCC_WARN_UNUSED_VARIABLE = YES;
				IPHONEOS_DEPLOYMENT_TARGET = 10.1;
				MTL_ENABLE_DEBUG_INFO = YES;
				ONLY_ACTIVE_ARCH = YES;
				SDKROOT = iphoneos;
				SWIFT_ACTIVE_COMPILATION_CONDITIONS = DEBUG;
				SWIFT_OPTIMIZATION_LEVEL = "-Onone";
				TARGETED_DEVICE_FAMILY = "1,2";
			};
			name = Debug;
		};
		D08734CE1DE30EC500584370 /* Release */ = {
			isa = XCBuildConfiguration;
			buildSettings = {
				ALWAYS_SEARCH_USER_PATHS = NO;
				CLANG_ANALYZER_NONNULL = YES;
				CLANG_CXX_LANGUAGE_STANDARD = "gnu++0x";
				CLANG_CXX_LIBRARY = "libc++";
				CLANG_ENABLE_MODULES = YES;
				CLANG_ENABLE_OBJC_ARC = YES;
				CLANG_WARN_BOOL_CONVERSION = YES;
				CLANG_WARN_CONSTANT_CONVERSION = YES;
				CLANG_WARN_DIRECT_OBJC_ISA_USAGE = YES_ERROR;
				CLANG_WARN_DOCUMENTATION_COMMENTS = YES;
				CLANG_WARN_EMPTY_BODY = YES;
				CLANG_WARN_ENUM_CONVERSION = YES;
				CLANG_WARN_INFINITE_RECURSION = YES;
				CLANG_WARN_INT_CONVERSION = YES;
				CLANG_WARN_OBJC_ROOT_CLASS = YES_ERROR;
				CLANG_WARN_SUSPICIOUS_MOVES = YES;
				CLANG_WARN_UNREACHABLE_CODE = YES;
				CLANG_WARN__DUPLICATE_METHOD_MATCH = YES;
				"CODE_SIGN_IDENTITY[sdk=iphoneos*]" = "iPhone Developer";
				COPY_PHASE_STRIP = NO;
				DEBUG_INFORMATION_FORMAT = "dwarf-with-dsym";
				ENABLE_NS_ASSERTIONS = NO;
				ENABLE_STRICT_OBJC_MSGSEND = YES;
				GCC_C_LANGUAGE_STANDARD = gnu99;
				GCC_NO_COMMON_BLOCKS = YES;
				GCC_WARN_64_TO_32_BIT_CONVERSION = YES;
				GCC_WARN_ABOUT_RETURN_TYPE = YES_ERROR;
				GCC_WARN_UNDECLARED_SELECTOR = YES;
				GCC_WARN_UNINITIALIZED_AUTOS = YES_AGGRESSIVE;
				GCC_WARN_UNUSED_FUNCTION = YES;
				GCC_WARN_UNUSED_VARIABLE = YES;
				IPHONEOS_DEPLOYMENT_TARGET = 10.1;
				MTL_ENABLE_DEBUG_INFO = NO;
				SDKROOT = iphoneos;
				SWIFT_OPTIMIZATION_LEVEL = "-Owholemodule";
				TARGETED_DEVICE_FAMILY = "1,2";
				VALIDATE_PRODUCT = YES;
			};
			name = Release;
		};
		D08734D01DE30EC500584370 /* Debug */ = {
			isa = XCBuildConfiguration;
			baseConfigurationReference = 4885169499BCEE85F4D51EBA /* Pods-TraktTest.debug.xcconfig */;
			buildSettings = {
				ASSETCATALOG_COMPILER_APPICON_NAME = AppIcon;
				DEVELOPMENT_TEAM = GWGTXL8GG9;
				INFOPLIST_FILE = TraktTest/Info.plist;
				LD_RUNPATH_SEARCH_PATHS = "$(inherited) @executable_path/Frameworks";
				PRODUCT_BUNDLE_IDENTIFIER = com.fenroar.mobile.TraktTest;
				PRODUCT_NAME = "$(TARGET_NAME)";
				SWIFT_VERSION = 3.0;
			};
			name = Debug;
		};
		D08734D11DE30EC500584370 /* Release */ = {
			isa = XCBuildConfiguration;
			baseConfigurationReference = 6C79CAC05E9DE25F7A732E37 /* Pods-TraktTest.release.xcconfig */;
			buildSettings = {
				ASSETCATALOG_COMPILER_APPICON_NAME = AppIcon;
				DEVELOPMENT_TEAM = GWGTXL8GG9;
				INFOPLIST_FILE = TraktTest/Info.plist;
				LD_RUNPATH_SEARCH_PATHS = "$(inherited) @executable_path/Frameworks";
				PRODUCT_BUNDLE_IDENTIFIER = com.fenroar.mobile.TraktTest;
				PRODUCT_NAME = "$(TARGET_NAME)";
				SWIFT_VERSION = 3.0;
			};
			name = Release;
		};
		D08734D31DE30EC500584370 /* Debug */ = {
			isa = XCBuildConfiguration;
			baseConfigurationReference = 95F70B2DF375C0BE4DBD62CB /* Pods-TraktTestTests.debug.xcconfig */;
			buildSettings = {
				ALWAYS_EMBED_SWIFT_STANDARD_LIBRARIES = YES;
				BUNDLE_LOADER = "$(TEST_HOST)";
				DEVELOPMENT_TEAM = GWGTXL8GG9;
				INFOPLIST_FILE = TraktTestTests/Info.plist;
				LD_RUNPATH_SEARCH_PATHS = "$(inherited) @executable_path/Frameworks @loader_path/Frameworks";
				PRODUCT_BUNDLE_IDENTIFIER = com.fenroar.mobile.TraktTestTests;
				PRODUCT_NAME = "$(TARGET_NAME)";
				SWIFT_VERSION = 3.0;
				TEST_HOST = "$(BUILT_PRODUCTS_DIR)/TraktTest.app/TraktTest";
			};
			name = Debug;
		};
		D08734D41DE30EC500584370 /* Release */ = {
			isa = XCBuildConfiguration;
			baseConfigurationReference = F995ABAF2AA335B47696DDD7 /* Pods-TraktTestTests.release.xcconfig */;
			buildSettings = {
				ALWAYS_EMBED_SWIFT_STANDARD_LIBRARIES = YES;
				BUNDLE_LOADER = "$(TEST_HOST)";
				DEVELOPMENT_TEAM = GWGTXL8GG9;
				INFOPLIST_FILE = TraktTestTests/Info.plist;
				LD_RUNPATH_SEARCH_PATHS = "$(inherited) @executable_path/Frameworks @loader_path/Frameworks";
				PRODUCT_BUNDLE_IDENTIFIER = com.fenroar.mobile.TraktTestTests;
				PRODUCT_NAME = "$(TARGET_NAME)";
				SWIFT_VERSION = 3.0;
				TEST_HOST = "$(BUILT_PRODUCTS_DIR)/TraktTest.app/TraktTest";
			};
			name = Release;
		};
/* End XCBuildConfiguration section */

/* Begin XCConfigurationList section */
		D08734AA1DE30EC500584370 /* Build configuration list for PBXProject "TraktTest" */ = {
			isa = XCConfigurationList;
			buildConfigurations = (
				D08734CD1DE30EC500584370 /* Debug */,
				D08734CE1DE30EC500584370 /* Release */,
			);
			defaultConfigurationIsVisible = 0;
			defaultConfigurationName = Release;
		};
		D08734CF1DE30EC500584370 /* Build configuration list for PBXNativeTarget "TraktTest" */ = {
			isa = XCConfigurationList;
			buildConfigurations = (
				D08734D01DE30EC500584370 /* Debug */,
				D08734D11DE30EC500584370 /* Release */,
			);
			defaultConfigurationIsVisible = 0;
			defaultConfigurationName = Release;
		};
		D08734D21DE30EC500584370 /* Build configuration list for PBXNativeTarget "TraktTestTests" */ = {
			isa = XCConfigurationList;
			buildConfigurations = (
				D08734D31DE30EC500584370 /* Debug */,
				D08734D41DE30EC500584370 /* Release */,
			);
			defaultConfigurationIsVisible = 0;
			defaultConfigurationName = Release;
		};
/* End XCConfigurationList section */

/* Begin XCVersionGroup section */
		D08734B91DE30EC500584370 /* TraktTest.xcdatamodeld */ = {
			isa = XCVersionGroup;
			children = (
				D08734BA1DE30EC500584370 /* TraktTest.xcdatamodel */,
			);
			currentVersion = D08734BA1DE30EC500584370 /* TraktTest.xcdatamodel */;
			path = TraktTest.xcdatamodeld;
			sourceTree = "<group>";
			versionGroupType = wrapper.xcdatamodel;
		};
/* End XCVersionGroup section */
	};
	rootObject = D08734A71DE30EC500584370 /* Project object */;
}
